
Microsoft Visual Studio Solution File, Format Version 12.00
# Visual Studio Version 16
VisualStudioVersion = 16.0.31321.278
MinimumVisualStudioVersion = 10.0.40219.1
Project("{9A19103F-16F7-4668-BE54-9A1E7A4F7556}") = "Project", "Project\Project.csproj", "{8A6C6330-6B2F-4888-BA86-CD3CEE5A8614}"
EndProject
Global
	GlobalSection(SolutionConfigurationPlatforms) = preSolution
		Debug|Any CPU = Debug|Any CPU
		Release|Any CPU = Release|Any CPU
	EndGlobalSection
	GlobalSection(ProjectConfigurationPlatforms) = postSolution
		{8A6C6330-6B2F-4888-BA86-CD3CEE5A8614}.Debug|Any CPU.ActiveCfg = Debug|Any CPU
		{8A6C6330-6B2F-4888-BA86-CD3CEE5A8614}.Debug|Any CPU.Build.0 = Debug|Any CPU
		{8A6C6330-6B2F-4888-BA86-CD3CEE5A8614}.Release|Any CPU.ActiveCfg = Release|Any CPU
		{8A6C6330-6B2F-4888-BA86-CD3CEE5A8614}.Release|Any CPU.Build.0 = Release|Any CPU
	EndGlobalSection
	GlobalSection(SolutionProperties) = preSolution
		HideSolutionNode = FALSE
	EndGlobalSection
	GlobalSection(ExtensibilityGlobals) = postSolution
		SolutionGuid = {085F100C-F5AC-4AAB-9564-71EB11AA693E}
	EndGlobalSection
EndGlobal
